
Microsoft Visual Studio Solution File, Format Version 12.00
# Visual Studio 14
VisualStudioVersion = 14.0.25420.1
MinimumVisualStudioVersion = 10.0.40219.1
Project("{FAE04EC0-301F-11D3-BF4B-00C04F79EFBC}") = "EndGameHelmetMessaging", "EndGameHelmetMessaging\EndGameHelmetMessaging.csproj", "{F15E37EF-D034-4F6A-8449-75DDA86A0575}"
	ProjectSection(ProjectDependencies) = postProject
		{24038F5F-5597-46B0-843F-07B437206BA4} = {24038F5F-5597-46B0-843F-07B437206BA4}
	EndProjectSection
EndProject
Project("{FAE04EC0-301F-11D3-BF4B-00C04F79EFBC}") = "HelmetMessagingService", "HelmetMessagingService\HelmetMessagingService.csproj", "{24038F5F-5597-46B0-843F-07B437206BA4}"
EndProject
Project("{FAE04EC0-301F-11D3-BF4B-00C04F79EFBC}") = "EndGameHelmetMessaging.Test", "EndGameHelmetMessaging.Test\EndGameHelmetMessaging.Test.csproj", "{BA4222B1-B7BF-43CD-9886-1AA70EE7DADE}"
EndProject
Global
	GlobalSection(SolutionConfigurationPlatforms) = preSolution
		Debug|Any CPU = Debug|Any CPU
		Release|Any CPU = Release|Any CPU
	EndGlobalSection
	GlobalSection(ProjectConfigurationPlatforms) = postSolution
		{F15E37EF-D034-4F6A-8449-75DDA86A0575}.Debug|Any CPU.ActiveCfg = Debug|Any CPU
		{F15E37EF-D034-4F6A-8449-75DDA86A0575}.Debug|Any CPU.Build.0 = Debug|Any CPU
		{F15E37EF-D034-4F6A-8449-75DDA86A0575}.Release|Any CPU.ActiveCfg = Release|Any CPU
		{F15E37EF-D034-4F6A-8449-75DDA86A0575}.Release|Any CPU.Build.0 = Release|Any CPU
		{24038F5F-5597-46B0-843F-07B437206BA4}.Debug|Any CPU.ActiveCfg = Debug|Any CPU
		{24038F5F-5597-46B0-843F-07B437206BA4}.Debug|Any CPU.Build.0 = Debug|Any CPU
		{24038F5F-5597-46B0-843F-07B437206BA4}.Release|Any CPU.ActiveCfg = Release|Any CPU
		{24038F5F-5597-46B0-843F-07B437206BA4}.Release|Any CPU.Build.0 = Release|Any CPU
		{BA4222B1-B7BF-43CD-9886-1AA70EE7DADE}.Debug|Any CPU.ActiveCfg = Debug|Any CPU
		{BA4222B1-B7BF-43CD-9886-1AA70EE7DADE}.Debug|Any CPU.Build.0 = Debug|Any CPU
		{BA4222B1-B7BF-43CD-9886-1AA70EE7DADE}.Release|Any CPU.ActiveCfg = Release|Any CPU
		{BA4222B1-B7BF-43CD-9886-1AA70EE7DADE}.Release|Any CPU.Build.0 = Release|Any CPU
	EndGlobalSection
	GlobalSection(SolutionProperties) = preSolution
		HideSolutionNode = FALSE
	EndGlobalSection
EndGlobal
